
Microsoft Visual Studio Solution File, Format Version 12.00
# Visual Studio Version 16
VisualStudioVersion = 16.0.810.23
MinimumVisualStudioVersion = 10.0.40219.1
Project("{FAE04EC0-301F-11D3-BF4B-00C04F79EFBC}") = "LINKJoin", "LINKJoin\LINKJoin.csproj", "{56AC6A8C-1C0A-4C0F-9383-CC2E024D758C}"
EndProject
Global
	GlobalSection(SolutionConfigurationPlatforms) = preSolution
		Debug|Any CPU = Debug|Any CPU
		Release|Any CPU = Release|Any CPU
	EndGlobalSection
	GlobalSection(ProjectConfigurationPlatforms) = postSolution
		{56AC6A8C-1C0A-4C0F-9383-CC2E024D758C}.Debug|Any CPU.ActiveCfg = Debug|Any CPU
		{56AC6A8C-1C0A-4C0F-9383-CC2E024D758C}.Debug|Any CPU.Build.0 = Debug|Any CPU
		{56AC6A8C-1C0A-4C0F-9383-CC2E024D758C}.Release|Any CPU.ActiveCfg = Release|Any CPU
		{56AC6A8C-1C0A-4C0F-9383-CC2E024D758C}.Release|Any CPU.Build.0 = Release|Any CPU
	EndGlobalSection
	GlobalSection(SolutionProperties) = preSolution
		HideSolutionNode = FALSE
	EndGlobalSection
	GlobalSection(ExtensibilityGlobals) = postSolution
		SolutionGuid = {F1802F32-A5F3-4A6A-B0A0-CC5FA023714C}
	EndGlobalSection
EndGlobal
