
Microsoft Visual Studio Solution File, Format Version 12.00
# Visual Studio Version 16
VisualStudioVersion = 16.0.810.23
MinimumVisualStudioVersion = 10.0.40219.1
Project("{FAE04EC0-301F-11D3-BF4B-00C04F79EFBC}") = "Json", "Json\Json.csproj", "{4D0B1B30-E102-4FA0-A240-52786F530C49}"
EndProject
Global
	GlobalSection(SolutionConfigurationPlatforms) = preSolution
		Debug|Any CPU = Debug|Any CPU
		Release|Any CPU = Release|Any CPU
	EndGlobalSection
	GlobalSection(ProjectConfigurationPlatforms) = postSolution
		{4D0B1B30-E102-4FA0-A240-52786F530C49}.Debug|Any CPU.ActiveCfg = Debug|Any CPU
		{4D0B1B30-E102-4FA0-A240-52786F530C49}.Debug|Any CPU.Build.0 = Debug|Any CPU
		{4D0B1B30-E102-4FA0-A240-52786F530C49}.Release|Any CPU.ActiveCfg = Release|Any CPU
		{4D0B1B30-E102-4FA0-A240-52786F530C49}.Release|Any CPU.Build.0 = Release|Any CPU
	EndGlobalSection
	GlobalSection(SolutionProperties) = preSolution
		HideSolutionNode = FALSE
	EndGlobalSection
	GlobalSection(ExtensibilityGlobals) = postSolution
		SolutionGuid = {FEEFC449-8CF5-4765-8984-D256A10C529B}
	EndGlobalSection
EndGlobal
