
Microsoft Visual Studio Solution File, Format Version 12.00
# Visual Studio Version 16
VisualStudioVersion = 16.0.810.23
MinimumVisualStudioVersion = 10.0.40219.1
Project("{FAE04EC0-301F-11D3-BF4B-00C04F79EFBC}") = "ExcepcionesPersonalizadas", "ExcepcionesPersonalizadas\ExcepcionesPersonalizadas.csproj", "{F4188861-75A4-4A99-AC99-9A4A3173B683}"
EndProject
Global
	GlobalSection(SolutionConfigurationPlatforms) = preSolution
		Debug|Any CPU = Debug|Any CPU
		Release|Any CPU = Release|Any CPU
	EndGlobalSection
	GlobalSection(ProjectConfigurationPlatforms) = postSolution
		{F4188861-75A4-4A99-AC99-9A4A3173B683}.Debug|Any CPU.ActiveCfg = Debug|Any CPU
		{F4188861-75A4-4A99-AC99-9A4A3173B683}.Debug|Any CPU.Build.0 = Debug|Any CPU
		{F4188861-75A4-4A99-AC99-9A4A3173B683}.Release|Any CPU.ActiveCfg = Release|Any CPU
		{F4188861-75A4-4A99-AC99-9A4A3173B683}.Release|Any CPU.Build.0 = Release|Any CPU
	EndGlobalSection
	GlobalSection(SolutionProperties) = preSolution
		HideSolutionNode = FALSE
	EndGlobalSection
	GlobalSection(ExtensibilityGlobals) = postSolution
		SolutionGuid = {EC46FD6B-7374-45A4-8028-D50C96A5D335}
	EndGlobalSection
EndGlobal
