
Microsoft Visual Studio Solution File, Format Version 12.00
# Visual Studio Version 16
VisualStudioVersion = 16.0.810.23
MinimumVisualStudioVersion = 10.0.40219.1
Project("{FAE04EC0-301F-11D3-BF4B-00C04F79EFBC}") = "SwitchCase", "SwitchCase\SwitchCase.csproj", "{535362AE-8770-445E-8DE7-4641FE0CC9D2}"
EndProject
Global
	GlobalSection(SolutionConfigurationPlatforms) = preSolution
		Debug|Any CPU = Debug|Any CPU
		Release|Any CPU = Release|Any CPU
	EndGlobalSection
	GlobalSection(ProjectConfigurationPlatforms) = postSolution
		{535362AE-8770-445E-8DE7-4641FE0CC9D2}.Debug|Any CPU.ActiveCfg = Debug|Any CPU
		{535362AE-8770-445E-8DE7-4641FE0CC9D2}.Debug|Any CPU.Build.0 = Debug|Any CPU
		{535362AE-8770-445E-8DE7-4641FE0CC9D2}.Release|Any CPU.ActiveCfg = Release|Any CPU
		{535362AE-8770-445E-8DE7-4641FE0CC9D2}.Release|Any CPU.Build.0 = Release|Any CPU
	EndGlobalSection
	GlobalSection(SolutionProperties) = preSolution
		HideSolutionNode = FALSE
	EndGlobalSection
	GlobalSection(ExtensibilityGlobals) = postSolution
		SolutionGuid = {266CE74C-71BB-4D5B-96C3-CB4538CC64FC}
	EndGlobalSection
EndGlobal
