
Microsoft Visual Studio Solution File, Format Version 12.00
# Visual Studio Version 16
VisualStudioVersion = 16.0.31424.327
MinimumVisualStudioVersion = 10.0.40219.1
Project("{FAE04EC0-301F-11D3-BF4B-00C04F79EFBC}") = "BaseDeDatos", "BaseDeDatos.csproj", "{B32E7602-AFDD-4203-B4FD-9E2C0CCB1CD0}"
EndProject
Global
	GlobalSection(SolutionConfigurationPlatforms) = preSolution
		Debug|Any CPU = Debug|Any CPU
		Release|Any CPU = Release|Any CPU
	EndGlobalSection
	GlobalSection(ProjectConfigurationPlatforms) = postSolution
		{B32E7602-AFDD-4203-B4FD-9E2C0CCB1CD0}.Debug|Any CPU.ActiveCfg = Debug|Any CPU
		{B32E7602-AFDD-4203-B4FD-9E2C0CCB1CD0}.Debug|Any CPU.Build.0 = Debug|Any CPU
		{B32E7602-AFDD-4203-B4FD-9E2C0CCB1CD0}.Release|Any CPU.ActiveCfg = Release|Any CPU
		{B32E7602-AFDD-4203-B4FD-9E2C0CCB1CD0}.Release|Any CPU.Build.0 = Release|Any CPU
	EndGlobalSection
	GlobalSection(SolutionProperties) = preSolution
		HideSolutionNode = FALSE
	EndGlobalSection
	GlobalSection(ExtensibilityGlobals) = postSolution
		SolutionGuid = {E423D8E6-93D2-4960-8604-E9A298A2877F}
	EndGlobalSection
EndGlobal
