
Microsoft Visual Studio Solution File, Format Version 12.00
# Visual Studio Version 16
VisualStudioVersion = 16.0.810.23
MinimumVisualStudioVersion = 10.0.40219.1
Project("{FAE04EC0-301F-11D3-BF4B-00C04F79EFBC}") = "Tuplas", "Tuplas\Tuplas.csproj", "{A1DE46BB-2756-4D05-BBE6-90C6B91D1099}"
EndProject
Global
	GlobalSection(SolutionConfigurationPlatforms) = preSolution
		Debug|Any CPU = Debug|Any CPU
		Release|Any CPU = Release|Any CPU
	EndGlobalSection
	GlobalSection(ProjectConfigurationPlatforms) = postSolution
		{A1DE46BB-2756-4D05-BBE6-90C6B91D1099}.Debug|Any CPU.ActiveCfg = Debug|Any CPU
		{A1DE46BB-2756-4D05-BBE6-90C6B91D1099}.Debug|Any CPU.Build.0 = Debug|Any CPU
		{A1DE46BB-2756-4D05-BBE6-90C6B91D1099}.Release|Any CPU.ActiveCfg = Release|Any CPU
		{A1DE46BB-2756-4D05-BBE6-90C6B91D1099}.Release|Any CPU.Build.0 = Release|Any CPU
	EndGlobalSection
	GlobalSection(SolutionProperties) = preSolution
		HideSolutionNode = FALSE
	EndGlobalSection
	GlobalSection(ExtensibilityGlobals) = postSolution
		SolutionGuid = {42EC839B-1A02-4646-AE2A-7D5600F2BAB6}
	EndGlobalSection
EndGlobal
