
Microsoft Visual Studio Solution File, Format Version 12.00
# Visual Studio Version 17
VisualStudioVersion = 17.2.32516.85
MinimumVisualStudioVersion = 10.0.40219.1
Project("{9A19103F-16F7-4668-BE54-9A1E7A4F7556}") = "BD", "BD.csproj", "{A2C53049-6627-49B8-8826-CEA409DE5AE4}"
EndProject
Project("{9A19103F-16F7-4668-BE54-9A1E7A4F7556}") = "Arreglos", "..\Arreglos\Arreglos\Arreglos.csproj", "{392EBAB7-6573-4409-AED6-5E856FC8897F}"
EndProject
Project("{9A19103F-16F7-4668-BE54-9A1E7A4F7556}") = "EntityFrameworkSystem", "..\EntityFrameworkSystem\EntityFrameworkSystem.csproj", "{E45FE61F-2AA5-4917-A076-E23B5CD3F584}"
EndProject
Project("{FAE04EC0-301F-11D3-BF4B-00C04F79EFBC}") = "BaseDeDatos", "..\BaseDeDatos\BaseDeDatos.csproj", "{B32E7602-AFDD-4203-B4FD-9E2C0CCB1CD0}"
EndProject
Global
	GlobalSection(SolutionConfigurationPlatforms) = preSolution
		Debug|Any CPU = Debug|Any CPU
		Release|Any CPU = Release|Any CPU
	EndGlobalSection
	GlobalSection(ProjectConfigurationPlatforms) = postSolution
		{A2C53049-6627-49B8-8826-CEA409DE5AE4}.Debug|Any CPU.ActiveCfg = Debug|Any CPU
		{A2C53049-6627-49B8-8826-CEA409DE5AE4}.Debug|Any CPU.Build.0 = Debug|Any CPU
		{A2C53049-6627-49B8-8826-CEA409DE5AE4}.Release|Any CPU.ActiveCfg = Release|Any CPU
		{A2C53049-6627-49B8-8826-CEA409DE5AE4}.Release|Any CPU.Build.0 = Release|Any CPU
		{392EBAB7-6573-4409-AED6-5E856FC8897F}.Debug|Any CPU.ActiveCfg = Debug|Any CPU
		{392EBAB7-6573-4409-AED6-5E856FC8897F}.Debug|Any CPU.Build.0 = Debug|Any CPU
		{392EBAB7-6573-4409-AED6-5E856FC8897F}.Release|Any CPU.ActiveCfg = Release|Any CPU
		{392EBAB7-6573-4409-AED6-5E856FC8897F}.Release|Any CPU.Build.0 = Release|Any CPU
		{E45FE61F-2AA5-4917-A076-E23B5CD3F584}.Debug|Any CPU.ActiveCfg = Debug|Any CPU
		{E45FE61F-2AA5-4917-A076-E23B5CD3F584}.Debug|Any CPU.Build.0 = Debug|Any CPU
		{E45FE61F-2AA5-4917-A076-E23B5CD3F584}.Release|Any CPU.ActiveCfg = Release|Any CPU
		{E45FE61F-2AA5-4917-A076-E23B5CD3F584}.Release|Any CPU.Build.0 = Release|Any CPU
		{B32E7602-AFDD-4203-B4FD-9E2C0CCB1CD0}.Debug|Any CPU.ActiveCfg = Debug|Any CPU
		{B32E7602-AFDD-4203-B4FD-9E2C0CCB1CD0}.Debug|Any CPU.Build.0 = Debug|Any CPU
		{B32E7602-AFDD-4203-B4FD-9E2C0CCB1CD0}.Release|Any CPU.ActiveCfg = Release|Any CPU
		{B32E7602-AFDD-4203-B4FD-9E2C0CCB1CD0}.Release|Any CPU.Build.0 = Release|Any CPU
	EndGlobalSection
	GlobalSection(SolutionProperties) = preSolution
		HideSolutionNode = FALSE
	EndGlobalSection
	GlobalSection(ExtensibilityGlobals) = postSolution
		SolutionGuid = {C266E834-4962-4A22-9CD7-8340E71AB7AC}
	EndGlobalSection
EndGlobal
