
Microsoft Visual Studio Solution File, Format Version 12.00
# Visual Studio Version 16
VisualStudioVersion = 16.0.810.23
MinimumVisualStudioVersion = 10.0.40219.1
Project("{FAE04EC0-301F-11D3-BF4B-00C04F79EFBC}") = "Propiedades", "Propiedades\Propiedades.csproj", "{76CCAF26-84A9-45E1-A9DA-A9F8329A667B}"
EndProject
Global
	GlobalSection(SolutionConfigurationPlatforms) = preSolution
		Debug|Any CPU = Debug|Any CPU
		Release|Any CPU = Release|Any CPU
	EndGlobalSection
	GlobalSection(ProjectConfigurationPlatforms) = postSolution
		{76CCAF26-84A9-45E1-A9DA-A9F8329A667B}.Debug|Any CPU.ActiveCfg = Debug|Any CPU
		{76CCAF26-84A9-45E1-A9DA-A9F8329A667B}.Debug|Any CPU.Build.0 = Debug|Any CPU
		{76CCAF26-84A9-45E1-A9DA-A9F8329A667B}.Release|Any CPU.ActiveCfg = Release|Any CPU
		{76CCAF26-84A9-45E1-A9DA-A9F8329A667B}.Release|Any CPU.Build.0 = Release|Any CPU
	EndGlobalSection
	GlobalSection(SolutionProperties) = preSolution
		HideSolutionNode = FALSE
	EndGlobalSection
	GlobalSection(ExtensibilityGlobals) = postSolution
		SolutionGuid = {43DC9D9F-F63C-484A-8A68-FFD735FDB2A3}
	EndGlobalSection
EndGlobal
